<?xml version="1.0" encoding="utf-8"?>
<Project ToolsVersion="4.0" xmlns="http://schemas.microsoft.com/developer/msbuild/2003">
  <ItemGroup>
    <ClCompile Include="main.cpp" />
    <ClCompile Include="Animations.cpp">
      <Filter>Source Files</Filter>
    </ClCompile>
    <ClCompile Include="Game.cpp">
      <Filter>Source Files</Filter>
    </ClCompile>
    <ClCompile Include="GameObject.cpp">
      <Filter>Source Files</Filter>
    </ClCompile>
    <ClCompile Include="PlayScence.cpp">
      <Filter>Source Files</Filter>
    </ClCompile>
    <ClCompile Include="Scence.cpp">
      <Filter>Source Files</Filter>
    </ClCompile>
    <ClCompile Include="Sprites.cpp">
      <Filter>Source Files</Filter>
    </ClCompile>
    <ClCompile Include="Textures.cpp">
      <Filter>Source Files</Filter>
    </ClCompile>
    <ClCompile Include="Utils.cpp">
      <Filter>Source Files</Filter>
    </ClCompile>
    <ClCompile Include="Map.cpp">
      <Filter>Map</Filter>
    </ClCompile>
    <ClCompile Include="StatusBoard.cpp">
      <Filter>HUD</Filter>
    </ClCompile>
    <ClCompile Include="Block.cpp">
      <Filter>Map Objects</Filter>
    </ClCompile>
    <ClCompile Include="Brick.cpp">
      <Filter>Map Objects</Filter>
    </ClCompile>
    <ClCompile Include="Koopas.cpp">
      <Filter>Map Objects</Filter>
    </ClCompile>
    <ClCompile Include="Portal.cpp">
      <Filter>Map Objects</Filter>
    </ClCompile>
    <ClCompile Include="Goomba.cpp">
      <Filter>Map Objects</Filter>
    </ClCompile>
    <ClCompile Include="Mario.cpp">
      <Filter>Mario</Filter>
    </ClCompile>
    <ClCompile Include="FireBullet.cpp">
      <Filter>Mario</Filter>
    </ClCompile>
  </ItemGroup>
  <ItemGroup>
    <ClInclude Include="Map.h">
      <Filter>Map</Filter>
    </ClInclude>
    <ClInclude Include="Animations.h">
      <Filter>Source Files</Filter>
    </ClInclude>
    <ClInclude Include="Game.h">
      <Filter>Source Files</Filter>
    </ClInclude>
    <ClInclude Include="GameObject.h">
      <Filter>Source Files</Filter>
    </ClInclude>
    <ClInclude Include="KeyEventHandler.h">
      <Filter>Source Files</Filter>
    </ClInclude>
    <ClInclude Include="PlayScence.h">
      <Filter>Source Files</Filter>
    </ClInclude>
    <ClInclude Include="Scence.h">
      <Filter>Source Files</Filter>
    </ClInclude>
    <ClInclude Include="Sprites.h">
      <Filter>Source Files</Filter>
    </ClInclude>
    <ClInclude Include="Textures.h">
      <Filter>Source Files</Filter>
    </ClInclude>
    <ClInclude Include="Utils.h">
      <Filter>Source Files</Filter>
    </ClInclude>
    <ClInclude Include="StatusBoard.h">
      <Filter>HUD</Filter>
    </ClInclude>
    <ClInclude Include="Block.h">
      <Filter>Map Objects</Filter>
    </ClInclude>
    <ClInclude Include="Brick.h">
      <Filter>Map Objects</Filter>
    </ClInclude>
    <ClInclude Include="Koopas.h">
      <Filter>Map Objects</Filter>
    </ClInclude>
    <ClInclude Include="Portal.h">
      <Filter>Map Objects</Filter>
    </ClInclude>
    <ClInclude Include="Goomba.h">
      <Filter>Map Objects</Filter>
    </ClInclude>
    <ClInclude Include="Mario.h">
      <Filter>Mario</Filter>
    </ClInclude>
    <ClInclude Include="Define.h">
      <Filter>Header Files</Filter>
    </ClInclude>
    <ClInclude Include="FireBullet.h">
      <Filter>Mario</Filter>
    </ClInclude>
  </ItemGroup>
  <ItemGroup>
    <Filter Include="Header Files">
      <UniqueIdentifier>{b5185b3e-ab48-49d9-a689-7afab1c171b5}</UniqueIdentifier>
    </Filter>
    <Filter Include="Source Files">
      <UniqueIdentifier>{33d16ce7-c9c8-4e2a-ba57-84a5f9e6c1c1}</UniqueIdentifier>
    </Filter>
    <Filter Include="Map">
      <UniqueIdentifier>{46ba81ee-8e6a-4cff-8ba5-9156f6b03eb3}</UniqueIdentifier>
    </Filter>
    <Filter Include="Map Objects">
      <UniqueIdentifier>{7e4f278a-66e9-4a56-9114-d8a028ef59bb}</UniqueIdentifier>
    </Filter>
    <Filter Include="HUD">
      <UniqueIdentifier>{76be1072-b439-4dad-b832-af46e48d1e99}</UniqueIdentifier>
    </Filter>
    <Filter Include="Mario">
      <UniqueIdentifier>{b21e6db8-be01-40d2-8def-ec37276fddee}</UniqueIdentifier>
    </Filter>
  </ItemGroup>
  <ItemGroup>
    <Text Include="Resources\Scene\scene1.txt" />
    <Text Include="Resources\Tilemap\world1-1.txt" />
  </ItemGroup>
</Project>